{
  "name": "firestore",
  "lockfileVersion": 2,
  "requires": true,
  "packages": {
    "": {
      "devDependencies": {
        "fireward": "^1.6.0"
      }
    },
    "node_modules/fireward": {
      "version": "1.6.0",
      "resolved": "https://registry.npmjs.org/fireward/-/fireward-1.6.0.tgz",
      "integrity": "sha512-F0ITic4+JSzUKukTJDbiv3mIhy9ie4Sthnus6fE6PV3fervaN5aaqbMd/Rb6U1Vf7pWQXDkA+SezlsvWMqrqVg==",
      "dev": true,
      "bin": {
        "fireward": "index.js"
      }
    }
  },
  "dependencies": {
    "fireward": {
      "version": "1.6.0",
      "resolved": "https://registry.npmjs.org/fireward/-/fireward-1.6.0.tgz",
      "integrity": "sha512-F0ITic4+JSzUKukTJDbiv3mIhy9ie4Sthnus6fE6PV3fervaN5aaqbMd/Rb6U1Vf7pWQXDkA+SezlsvWMqrqVg==",
      "dev": true
    }
  }
}
