{
  "requires": true,
  "lockfileVersion": 1,
  "dependencies": {
    "fireward": {
      "version": "1.6.0",
      "resolved": "https://registry.npmjs.org/fireward/-/fireward-1.6.0.tgz",
      "integrity": "sha512-F0ITic4+JSzUKukTJDbiv3mIhy9ie4Sthnus6fE6PV3fervaN5aaqbMd/Rb6U1Vf7pWQXDkA+SezlsvWMqrqVg==",
      "dev": true
    }
  }
}
